
Microsoft Visual Studio Solution File, Format Version 12.00
# Visual Studio Version 16
VisualStudioVersion = 16.0.29613.14
MinimumVisualStudioVersion = 10.0.40219.1
Project("{FAE04EC0-301F-11D3-BF4B-00C04F79EFBC}") = "h2 nibe project", "h2 nibe project\h2 nibe project.csproj", "{CA55999A-CE59-4809-B312-D9CB9F609F23}"
EndProject
Global
	GlobalSection(SolutionConfigurationPlatforms) = preSolution
		Debug|Any CPU = Debug|Any CPU
		Release|Any CPU = Release|Any CPU
	EndGlobalSection
	GlobalSection(ProjectConfigurationPlatforms) = postSolution
		{CA55999A-CE59-4809-B312-D9CB9F609F23}.Debug|Any CPU.ActiveCfg = Debug|Any CPU
		{CA55999A-CE59-4809-B312-D9CB9F609F23}.Debug|Any CPU.Build.0 = Debug|Any CPU
		{CA55999A-CE59-4809-B312-D9CB9F609F23}.Release|Any CPU.ActiveCfg = Release|Any CPU
		{CA55999A-CE59-4809-B312-D9CB9F609F23}.Release|Any CPU.Build.0 = Release|Any CPU
	EndGlobalSection
	GlobalSection(SolutionProperties) = preSolution
		HideSolutionNode = FALSE
	EndGlobalSection
	GlobalSection(ExtensibilityGlobals) = postSolution
		SolutionGuid = {2DB207D2-4D6D-4C99-B22E-F549F84DC0F1}
	EndGlobalSection
EndGlobal
